// !$*UTF8*$!
{
	archiveVersion = 1;
	classes = {
	};
	objectVersion = 56;
	objects = {

/* Begin PBXBuildFile section */
		2A1000010000000000000001 /* BigStartNoteApp.swift in Sources */ = {isa = PBXBuildFile; fileRef = 2A2000010000000000000001 /* BigStartNoteApp.swift */; };
		2A1000020000000000000001 /* ContentView.swift in Sources */ = {isa = PBXBuildFile; fileRef = 2A2000020000000000000001 /* ContentView.swift */; };
		2A1000030000000000000001 /* AppConfig.swift in Sources */ = {isa = PBXBuildFile; fileRef = 2A2000030000000000000001 /* AppConfig.swift */; };
		2A1000040000000000000001 /* WebViewModel.swift in Sources */ = {isa = PBXBuildFile; fileRef = 2A2000040000000000000001 /* WebViewModel.swift */; };
		2A1000050000000000000001 /* WebViewContainer.swift in Sources */ = {isa = PBXBuildFile; fileRef = 2A2000050000000000000001 /* WebViewContainer.swift */; };
		2A1000060000000000000001 /* Assets.xcassets in Resources */ = {isa = PBXBuildFile; fileRef = 2A2000060000000000000001 /* Assets.xcassets */; };
/* End PBXBuildFile section */

/* Begin PBXFileReference section */
		2A2000010000000000000001 /* BigStartNoteApp.swift */ = {isa = PBXFileReference; lastKnownFileType = sourcecode.swift; path = BigStartNoteApp.swift; sourceTree = "<group>"; };
		2A2000020000000000000001 /* ContentView.swift */ = {isa = PBXFileReference; lastKnownFileType = sourcecode.swift; path = ContentView.swift; sourceTree = "<group>"; };
		2A2000030000000000000001 /* AppConfig.swift */ = {isa = PBXFileReference; lastKnownFileType = sourcecode.swift; path = AppConfig.swift; sourceTree = "<group>"; };
		2A2000040000000000000001 /* WebViewModel.swift */ = {isa = PBXFileReference; lastKnownFileType = sourcecode.swift; path = WebViewModel.swift; sourceTree = "<group>"; };
		2A2000050000000000000001 /* WebViewContainer.swift */ = {isa = PBXFileReference; lastKnownFileType = sourcecode.swift; path = WebViewContainer.swift; sourceTree = "<group>"; };
		2A2000060000000000000001 /* Assets.xcassets */ = {isa = PBXFileReference; lastKnownFileType = folder.assetcatalog; path = Assets.xcassets; sourceTree = "<group>"; };
		2A2000070000000000000001 /* Debug-Info.plist */ = {isa = PBXFileReference; lastKnownFileType = text.plist.xml; path = "Debug-Info.plist"; sourceTree = "<group>"; };
		2A2000080000000000000001 /* Release-Info.plist */ = {isa = PBXFileReference; lastKnownFileType = text.plist.xml; path = "Release-Info.plist"; sourceTree = "<group>"; };
		2A2000090000000000000001 /* BigStartNote.app */ = {isa = PBXFileReference; explicitFileType = wrapper.application; includeInIndex = 0; path = BigStartNote.app; sourceTree = BUILT_PRODUCTS_DIR; };
/* End PBXFileReference section */

/* Begin PBXFrameworksBuildPhase section */
		2A3000010000000000000001 /* Frameworks */ = {
			isa = PBXFrameworksBuildPhase;
			buildActionMask = 2147483647;
			files = (
			);
			runOnlyForDeploymentPostprocessing = 0;
		};
/* End PBXFrameworksBuildPhase section */

/* Begin PBXGroup section */
		2A4000010000000000000001 = {
			isa = PBXGroup;
			children = (
				2A4000020000000000000001 /* BigStartNote */,
				2A4000030000000000000001 /* Config */,
				2A2000060000000000000001 /* Assets.xcassets */,
				2A4000040000000000000001 /* Products */,
			);
			sourceTree = "<group>";
		};
		2A4000020000000000000001 /* BigStartNote */ = {
			isa = PBXGroup;
			children = (
				2A2000010000000000000001 /* BigStartNoteApp.swift */,
				2A2000020000000000000001 /* ContentView.swift */,
				2A2000030000000000000001 /* AppConfig.swift */,
				2A2000040000000000000001 /* WebViewModel.swift */,
				2A2000050000000000000001 /* WebViewContainer.swift */,
			);
			path = BigStartNote;
			sourceTree = "<group>";
		};
		2A4000030000000000000001 /* Config */ = {
			isa = PBXGroup;
			children = (
				2A2000070000000000000001 /* Debug-Info.plist */,
				2A2000080000000000000001 /* Release-Info.plist */,
			);
			path = Config;
			sourceTree = "<group>";
		};
		2A4000040000000000000001 /* Products */ = {
			isa = PBXGroup;
			children = (
				2A2000090000000000000001 /* BigStartNote.app */,
			);
			name = Products;
			sourceTree = "<group>";
		};
/* End PBXGroup section */

/* Begin PBXNativeTarget section */
		2A5000010000000000000001 /* BigStartNote */ = {
			isa = PBXNativeTarget;
			buildConfigurationList = 2A7000020000000000000001 /* Build configuration list for PBXNativeTarget "BigStartNote" */;
			buildPhases = (
				2A3000020000000000000001 /* Sources */,
				2A3000010000000000000001 /* Frameworks */,
				2A3000030000000000000001 /* Resources */,
			);
			buildRules = (
			);
			dependencies = (
			);
			name = BigStartNote;
			productName = BigStartNote;
			productReference = 2A2000090000000000000001 /* BigStartNote.app */;
			productType = "com.apple.product-type.application";
		};
/* End PBXNativeTarget section */

/* Begin PBXProject section */
		2A6000010000000000000001 /* Project object */ = {
			isa = PBXProject;
			attributes = {
				BuildIndependentTargetsInParallel = 1;
				LastSwiftUpdateCheck = 1600;
				LastUpgradeCheck = 1600;
				TargetAttributes = {
					2A5000010000000000000001 = {
						CreatedOnToolsVersion = 16.0;
					};
				};
			};
			buildConfigurationList = 2A7000010000000000000001 /* Build configuration list for PBXProject "BigStartNote" */;
			compatibilityVersion = "Xcode 14.0";
			developmentRegion = en;
			hasScannedForEncodings = 0;
			knownRegions = (
				en,
				Base,
			);
			mainGroup = 2A4000010000000000000001;
			productRefGroup = 2A4000040000000000000001 /* Products */;
			projectDirPath = "";
			projectRoot = "";
			targets = (
				2A5000010000000000000001 /* BigStartNote */,
			);
		};
/* End PBXProject section */

/* Begin PBXResourcesBuildPhase section */
		2A3000030000000000000001 /* Resources */ = {
			isa = PBXResourcesBuildPhase;
			buildActionMask = 2147483647;
			files = (
				2A1000060000000000000001 /* Assets.xcassets in Resources */,
			);
			runOnlyForDeploymentPostprocessing = 0;
		};
/* End PBXResourcesBuildPhase section */

/* Begin PBXSourcesBuildPhase section */
		2A3000020000000000000001 /* Sources */ = {
			isa = PBXSourcesBuildPhase;
			buildActionMask = 2147483647;
			files = (
				2A1000030000000000000001 /* AppConfig.swift in Sources */,
				2A1000010000000000000001 /* BigStartNoteApp.swift in Sources */,
				2A1000020000000000000001 /* ContentView.swift in Sources */,
				2A1000050000000000000001 /* WebViewContainer.swift in Sources */,
				2A1000040000000000000001 /* WebViewModel.swift in Sources */,
			);
			runOnlyForDeploymentPostprocessing = 0;
		};
/* End PBXSourcesBuildPhase section */

/* Begin XCBuildConfiguration section */
		2A8000010000000000000001 /* Debug */ = {
			isa = XCBuildConfiguration;
			buildSettings = {
				ALWAYS_SEARCH_USER_PATHS = NO;
				CLANG_ENABLE_MODULES = YES;
				CLANG_ENABLE_OBJC_ARC = YES;
				COPY_PHASE_STRIP = NO;
				DEBUG_INFORMATION_FORMAT = dwarf;
				ENABLE_STRICT_OBJC_MSGSEND = YES;
				ENABLE_TESTABILITY = YES;
				GCC_C_LANGUAGE_STANDARD = gnu17;
				GCC_NO_COMMON_BLOCKS = YES;
				GCC_WARN_UNDECLARED_SELECTOR = YES;
				GCC_WARN_UNINITIALIZED_AUTOS = YES_AGGRESSIVE;
				GCC_WARN_UNUSED_FUNCTION = YES;
				GCC_WARN_UNUSED_VARIABLE = YES;
				IPHONEOS_DEPLOYMENT_TARGET = 16.0;
				MTL_ENABLE_DEBUG_INFO = INCLUDE_SOURCE;
				ONLY_ACTIVE_ARCH = YES;
				SDKROOT = iphoneos;
				SWIFT_ACTIVE_COMPILATION_CONDITIONS = DEBUG;
			};
			name = Debug;
		};
		2A8000020000000000000001 /* Release */ = {
			isa = XCBuildConfiguration;
			buildSettings = {
				ALWAYS_SEARCH_USER_PATHS = NO;
				CLANG_ENABLE_MODULES = YES;
				CLANG_ENABLE_OBJC_ARC = YES;
				COPY_PHASE_STRIP = NO;
				DEBUG_INFORMATION_FORMAT = "dwarf-with-dsym";
				ENABLE_NS_ASSERTIONS = NO;
				ENABLE_STRICT_OBJC_MSGSEND = YES;
				GCC_C_LANGUAGE_STANDARD = gnu17;
				GCC_NO_COMMON_BLOCKS = YES;
				GCC_WARN_UNDECLARED_SELECTOR = YES;
				GCC_WARN_UNINITIALIZED_AUTOS = YES_AGGRESSIVE;
				GCC_WARN_UNUSED_FUNCTION = YES;
				GCC_WARN_UNUSED_VARIABLE = YES;
				IPHONEOS_DEPLOYMENT_TARGET = 16.0;
				MTL_ENABLE_DEBUG_INFO = NO;
				SDKROOT = iphoneos;
				SWIFT_COMPILATION_MODE = wholemodule;
			};
			name = Release;
		};
		2A8000030000000000000001 /* Debug */ = {
			isa = XCBuildConfiguration;
			buildSettings = {
				ASSETCATALOG_COMPILER_APPICON_NAME = AppIcon;
				ASSETCATALOG_COMPILER_GLOBAL_ACCENT_COLOR_NAME = AccentColor;
				CODE_SIGN_STYLE = Automatic;
				CURRENT_PROJECT_VERSION = 1;
				DEVELOPMENT_TEAM = XQQM9KCQ6Z;
				GENERATE_INFOPLIST_FILE = NO;
				INFOPLIST_FILE = "Config/Debug-Info.plist";
				LD_RUNPATH_SEARCH_PATHS = (
					"$(inherited)",
					"@executable_path/Frameworks",
				);
				MARKETING_VERSION = 1.0;
				PRODUCT_BUNDLE_IDENTIFIER = com.bigstart.note;
				PRODUCT_NAME = "$(TARGET_NAME)";
				SUPPORTED_PLATFORMS = "iphoneos iphonesimulator";
				SUPPORTS_MACCATALYST = NO;
				SWIFT_EMIT_LOC_STRINGS = YES;
				SWIFT_VERSION = 5.0;
				TARGETED_DEVICE_FAMILY = 1;
			};
			name = Debug;
		};
		2A8000040000000000000001 /* Release */ = {
			isa = XCBuildConfiguration;
			buildSettings = {
				ASSETCATALOG_COMPILER_APPICON_NAME = AppIcon;
				ASSETCATALOG_COMPILER_GLOBAL_ACCENT_COLOR_NAME = AccentColor;
				CODE_SIGN_STYLE = Automatic;
				CURRENT_PROJECT_VERSION = 1;
				DEVELOPMENT_TEAM = XQQM9KCQ6Z;
				GENERATE_INFOPLIST_FILE = NO;
				INFOPLIST_FILE = "Config/Release-Info.plist";
				LD_RUNPATH_SEARCH_PATHS = (
					"$(inherited)",
					"@executable_path/Frameworks",
				);
				MARKETING_VERSION = 1.0;
				PRODUCT_BUNDLE_IDENTIFIER = com.bigstart.note;
				PRODUCT_NAME = "$(TARGET_NAME)";
				SUPPORTED_PLATFORMS = "iphoneos iphonesimulator";
				SUPPORTS_MACCATALYST = NO;
				SWIFT_EMIT_LOC_STRINGS = YES;
				SWIFT_VERSION = 5.0;
				TARGETED_DEVICE_FAMILY = 1;
			};
			name = Release;
		};
/* End XCBuildConfiguration section */

/* Begin XCConfigurationList section */
		2A7000010000000000000001 /* Build configuration list for PBXProject "BigStartNote" */ = {
			isa = XCConfigurationList;
			buildConfigurations = (
				2A8000010000000000000001 /* Debug */,
				2A8000020000000000000001 /* Release */,
			);
			defaultConfigurationIsVisible = 0;
			defaultConfigurationName = Release;
		};
		2A7000020000000000000001 /* Build configuration list for PBXNativeTarget "BigStartNote" */ = {
			isa = XCConfigurationList;
			buildConfigurations = (
				2A8000030000000000000001 /* Debug */,
				2A8000040000000000000001 /* Release */,
			);
			defaultConfigurationIsVisible = 0;
			defaultConfigurationName = Release;
		};
/* End XCConfigurationList section */
	};
	rootObject = 2A6000010000000000000001 /* Project object */;
}
